
Microsoft Visual Studio Solution File, Format Version 12.00
# Visual Studio 14
VisualStudioVersion = 14.0.23107.0
MinimumVisualStudioVersion = 10.0.40219.1
Project("{FAE04EC0-301F-11D3-BF4B-00C04F79EFBC}") = "Question 6 Chad Marshall", "Question 6 Chad Marshall\Question 6 Chad Marshall.csproj", "{BFB04CE1-EACF-44DB-998F-3BF6ECEDDF36}"
EndProject
Global
	GlobalSection(SolutionConfigurationPlatforms) = preSolution
		Debug|Any CPU = Debug|Any CPU
		Release|Any CPU = Release|Any CPU
	EndGlobalSection
	GlobalSection(ProjectConfigurationPlatforms) = postSolution
		{BFB04CE1-EACF-44DB-998F-3BF6ECEDDF36}.Debug|Any CPU.ActiveCfg = Debug|Any CPU
		{BFB04CE1-EACF-44DB-998F-3BF6ECEDDF36}.Debug|Any CPU.Build.0 = Debug|Any CPU
		{BFB04CE1-EACF-44DB-998F-3BF6ECEDDF36}.Release|Any CPU.ActiveCfg = Release|Any CPU
		{BFB04CE1-EACF-44DB-998F-3BF6ECEDDF36}.Release|Any CPU.Build.0 = Release|Any CPU
	EndGlobalSection
	GlobalSection(SolutionProperties) = preSolution
		HideSolutionNode = FALSE
	EndGlobalSection
EndGlobal
